
Microsoft Visual Studio Solution File, Format Version 12.00
# Visual Studio Version 17
VisualStudioVersion = 17.3.32825.248
MinimumVisualStudioVersion = 10.0.40219.1
Project("{FAE04EC0-301F-11D3-BF4B-00C04F79EFBC}") = "Manager", "Manager.csproj", "{6EABE8C2-5644-432A-8CFD-AC174ED8532C}"
EndProject
Global
	GlobalSection(SolutionConfigurationPlatforms) = preSolution
		Debug|Any CPU = Debug|Any CPU
		Release|Any CPU = Release|Any CPU
	EndGlobalSection
	GlobalSection(ProjectConfigurationPlatforms) = postSolution
		{6EABE8C2-5644-432A-8CFD-AC174ED8532C}.Debug|Any CPU.ActiveCfg = Debug|Any CPU
		{6EABE8C2-5644-432A-8CFD-AC174ED8532C}.Debug|Any CPU.Build.0 = Debug|Any CPU
		{6EABE8C2-5644-432A-8CFD-AC174ED8532C}.Release|Any CPU.ActiveCfg = Release|Any CPU
		{6EABE8C2-5644-432A-8CFD-AC174ED8532C}.Release|Any CPU.Build.0 = Release|Any CPU
	EndGlobalSection
	GlobalSection(SolutionProperties) = preSolution
		HideSolutionNode = FALSE
	EndGlobalSection
	GlobalSection(ExtensibilityGlobals) = postSolution
		SolutionGuid = {EFC10DF3-8C25-439A-98B1-5A0C0136B3CA}
	EndGlobalSection
EndGlobal
